{
  "version": 4,
  "terraform_version": "1.13.5",
  "serial": 60,
  "lineage": "b46e8f61-1166-28a9-c1ff-50d4fdf03e92",
  "outputs": {
    "alb_ip_address": {
      "value": "34.117.50.159",
      "type": "string"
    },
    "alb_url": {
      "value": "https://test.nhameo.site",
      "type": "string"
    },
    "alert_policy_name": {
      "value": "High Latency Alert - ALB to Cloud Run",
      "type": "string"
    },
    "backend_service_name": {
      "value": "app-service-backend",
      "type": "string"
    },
    "cloudrun_service_name": {
      "value": "app-service",
      "type": "string"
    },
    "cloudrun_service_url": {
      "value": "https://app-service-zrfe3vvhea-as.a.run.app",
      "type": "string"
    },
    "project_id": {
      "value": "rare-karma-480813-i3",
      "type": "string"
    },
    "region": {
      "value": "asia-southeast1",
      "type": "string"
    }
  },
  "resources": [
    {
      "mode": "managed",
      "type": "google_cloud_run_service",
      "name": "app",
      "provider": "provider[\"registry.terraform.io/hashicorp/google\"]",
      "instances": [
        {
          "schema_version": 2,
          "attributes": {
            "autogenerate_revision_name": false,
            "id": "locations/asia-southeast1/namespaces/rare-karma-480813-i3/services/app-service",
            "location": "asia-southeast1",
            "metadata": [
              {
                "annotations": {},
                "effective_annotations": {
                  "run.googleapis.com/ingress": "all",
                  "run.googleapis.com/ingress-status": "all",
                  "run.googleapis.com/maxScale": "12",
                  "run.googleapis.com/operation-id": "8e5e63e4-5b58-4668-8c20-d8c72410c4a1",
                  "run.googleapis.com/urls": "[\"https://app-service-1088946422308.asia-southeast1.run.app\",\"https://app-service-zrfe3vvhea-as.a.run.app\"]",
                  "serving.knative.dev/creator": "baonguyen.aws@gmail.com",
                  "serving.knative.dev/lastModifier": "baonguyen.aws@gmail.com"
                },
                "effective_labels": {
                  "cloud.googleapis.com/location": "asia-southeast1",
                  "run.googleapis.com/satisfiesPzs": "true"
                },
                "generation": 1,
                "labels": {},
                "namespace": "rare-karma-480813-i3",
                "resource_version": "AAZGO/wIkMU",
                "self_link": "/apis/serving.knative.dev/v1/namespaces/1088946422308/services/app-service",
                "terraform_labels": {},
                "uid": "d11b124d-0e21-46e7-af90-1bb07200f6e2"
              }
            ],
            "name": "app-service",
            "project": "rare-karma-480813-i3",
            "status": [
              {
                "conditions": [
                  {
                    "message": "",
                    "reason": "",
                    "status": "True",
                    "type": "Ready"
                  },
                  {
                    "message": "",
                    "reason": "",
                    "status": "True",
                    "type": "ConfigurationsReady"
                  },
                  {
                    "message": "",
                    "reason": "",
                    "status": "True",
                    "type": "RoutesReady"
                  }
                ],
                "latest_created_revision_name": "app-service-00001-d8h",
                "latest_ready_revision_name": "app-service-00001-d8h",
                "observed_generation": 1,
                "traffic": [
                  {
                    "latest_revision": true,
                    "percent": 100,
                    "revision_name": "app-service-00001-d8h",
                    "tag": "",
                    "url": ""
                  }
                ],
                "url": "https://app-service-zrfe3vvhea-as.a.run.app"
              }
            ],
            "template": [
              {
                "metadata": [
                  {
                    "annotations": {},
                    "generation": 0,
                    "labels": {
                      "run.googleapis.com/startupProbeType": "Default"
                    },
                    "name": "",
                    "namespace": "",
                    "resource_version": "",
                    "self_link": "",
                    "uid": ""
                  }
                ],
                "spec": [
                  {
                    "container_concurrency": 80,
                    "containers": [
                      {
                        "args": null,
                        "command": null,
                        "env": [],
                        "env_from": [],
                        "image": "gcr.io/cloudrun/hello",
                        "liveness_probe": [],
                        "name": "",
                        "ports": [
                          {
                            "container_port": 8080,
                            "name": "http1",
                            "protocol": ""
                          }
                        ],
                        "resources": [
                          {
                            "limits": {
                              "cpu": "1000m",
                              "memory": "512Mi"
                            },
                            "requests": null
                          }
                        ],
                        "startup_probe": [
                          {
                            "failure_threshold": 1,
                            "grpc": [],
                            "http_get": [],
                            "initial_delay_seconds": 0,
                            "period_seconds": 240,
                            "tcp_socket": [
                              {
                                "port": 8080
                              }
                            ],
                            "timeout_seconds": 240
                          }
                        ],
                        "volume_mounts": [],
                        "working_dir": ""
                      }
                    ],
                    "service_account_name": "1088946422308-compute@developer.gserviceaccount.com",
                    "serving_state": "",
                    "timeout_seconds": 300,
                    "volumes": []
                  }
                ]
              }
            ],
            "timeouts": null,
            "traffic": [
              {
                "latest_revision": true,
                "percent": 100,
                "revision_name": "",
                "tag": "",
                "url": ""
              }
            ]
          },
          "sensitive_attributes": [],
          "identity_schema_version": 0,
          "private": "eyJlMmJmYjczMC1lY2FhLTExZTYtOGY4OC0zNDM2M2JjN2M0YzAiOnsiY3JlYXRlIjoxMjAwMDAwMDAwMDAwLCJkZWxldGUiOjEyMDAwMDAwMDAwMDAsInVwZGF0ZSI6MTIwMDAwMDAwMDAwMH0sInNjaGVtYV92ZXJzaW9uIjoiMiJ9"
        }
      ]
    },
    {
      "mode": "managed",
      "type": "google_cloud_run_service_iam_member",
      "name": "public_access",
      "provider": "provider[\"registry.terraform.io/hashicorp/google\"]",
      "instances": [
        {
          "schema_version": 0,
          "attributes": {
            "condition": [],
            "etag": "BwZGO/xIHBI=",
            "id": "v1/projects/rare-karma-480813-i3/locations/asia-southeast1/services/app-service/roles/run.invoker/allUsers",
            "location": "asia-southeast1",
            "member": "allUsers",
            "project": "rare-karma-480813-i3",
            "role": "roles/run.invoker",
            "service": "v1/projects/rare-karma-480813-i3/locations/asia-southeast1/services/app-service"
          },
          "sensitive_attributes": [],
          "identity_schema_version": 0,
          "private": "bnVsbA==",
          "dependencies": [
            "google_cloud_run_service.app"
          ]
        }
      ]
    },
    {
      "mode": "managed",
      "type": "google_compute_backend_service",
      "name": "cloudrun_backend",
      "provider": "provider[\"registry.terraform.io/hashicorp/google\"]",
      "instances": [
        {
          "schema_version": 1,
          "attributes": {
            "affinity_cookie_ttl_sec": 0,
            "backend": [
              {
                "balancing_mode": "UTILIZATION",
                "capacity_scaler": 1,
                "description": "",
                "group": "https://www.googleapis.com/compute/v1/projects/rare-karma-480813-i3/regions/asia-southeast1/networkEndpointGroups/app-service-neg",
                "max_connections": 0,
                "max_connections_per_endpoint": 0,
                "max_connections_per_instance": 0,
                "max_rate": 0,
                "max_rate_per_endpoint": 0,
                "max_rate_per_instance": 0,
                "max_utilization": 0
              }
            ],
            "cdn_policy": [],
            "circuit_breakers": [],
            "compression_mode": "",
            "connection_draining_timeout_sec": 300,
            "consistent_hash": [],
            "creation_timestamp": "2025-12-18T07:55:25.904-08:00",
            "custom_request_headers": null,
            "custom_response_headers": null,
            "description": "",
            "edge_security_policy": "",
            "enable_cdn": false,
            "fingerprint": "glOvcL_xEQQ=",
            "generated_id": 4346291252034641154,
            "health_checks": null,
            "iap": [],
            "id": "projects/rare-karma-480813-i3/global/backendServices/app-service-backend",
            "load_balancing_scheme": "EXTERNAL_MANAGED",
            "locality_lb_policies": [],
            "locality_lb_policy": "",
            "log_config": [
              {
                "enable": true,
                "sample_rate": 1
              }
            ],
            "name": "app-service-backend",
            "outlier_detection": [],
            "port_name": "http",
            "project": "rare-karma-480813-i3",
            "protocol": "HTTPS",
            "security_policy": "",
            "security_settings": [],
            "self_link": "https://www.googleapis.com/compute/v1/projects/rare-karma-480813-i3/global/backendServices/app-service-backend",
            "service_lb_policy": "",
            "session_affinity": "NONE",
            "timeout_sec": 30,
            "timeouts": null
          },
          "sensitive_attributes": [],
          "identity_schema_version": 0,
          "private": "eyJlMmJmYjczMC1lY2FhLTExZTYtOGY4OC0zNDM2M2JjN2M0YzAiOnsiY3JlYXRlIjoxMjAwMDAwMDAwMDAwLCJkZWxldGUiOjEyMDAwMDAwMDAwMDAsInVwZGF0ZSI6MTIwMDAwMDAwMDAwMH0sInNjaGVtYV92ZXJzaW9uIjoiMSJ9",
          "dependencies": [
            "google_cloud_run_service.app",
            "google_compute_region_network_endpoint_group.cloudrun_neg"
          ]
        }
      ]
    },
    {
      "mode": "managed",
      "type": "google_compute_global_address",
      "name": "alb_ip",
      "provider": "provider[\"registry.terraform.io/hashicorp/google\"]",
      "instances": [
        {
          "schema_version": 0,
          "attributes": {
            "address": "34.117.50.159",
            "address_type": "EXTERNAL",
            "creation_timestamp": "2025-12-18T07:55:00.261-08:00",
            "description": "",
            "effective_labels": {},
            "id": "projects/rare-karma-480813-i3/global/addresses/app-service-ip",
            "ip_version": "",
            "label_fingerprint": "42WmSpB8rSM=",
            "labels": null,
            "name": "app-service-ip",
            "network": "",
            "prefix_length": 0,
            "project": "rare-karma-480813-i3",
            "purpose": "",
            "self_link": "https://www.googleapis.com/compute/v1/projects/rare-karma-480813-i3/global/addresses/app-service-ip",
            "terraform_labels": {},
            "timeouts": null
          },
          "sensitive_attributes": [],
          "identity_schema_version": 0,
          "private": "eyJlMmJmYjczMC1lY2FhLTExZTYtOGY4OC0zNDM2M2JjN2M0YzAiOnsiY3JlYXRlIjoxMjAwMDAwMDAwMDAwLCJkZWxldGUiOjEyMDAwMDAwMDAwMDAsInVwZGF0ZSI6MTIwMDAwMDAwMDAwMH19"
        }
      ]
    },
    {
      "mode": "managed",
      "type": "google_compute_global_forwarding_rule",
      "name": "alb_http",
      "provider": "provider[\"registry.terraform.io/hashicorp/google\"]",
      "instances": [
        {
          "schema_version": 0,
          "attributes": {
            "base_forwarding_rule": "",
            "description": "",
            "effective_labels": {},
            "id": "projects/rare-karma-480813-i3/global/forwardingRules/app-service-http-forwarding-rule",
            "ip_address": "34.117.50.159",
            "ip_protocol": "TCP",
            "ip_version": "",
            "label_fingerprint": "42WmSpB8rSM=",
            "labels": null,
            "load_balancing_scheme": "EXTERNAL_MANAGED",
            "metadata_filters": [],
            "name": "app-service-http-forwarding-rule",
            "network": "",
            "no_automate_dns_zone": null,
            "port_range": "80-80",
            "project": "rare-karma-480813-i3",
            "psc_connection_id": "",
            "psc_connection_status": "",
            "self_link": "https://www.googleapis.com/compute/v1/projects/rare-karma-480813-i3/global/forwardingRules/app-service-http-forwarding-rule",
            "service_directory_registrations": [],
            "source_ip_ranges": null,
            "subnetwork": "",
            "target": "https://www.googleapis.com/compute/v1/projects/rare-karma-480813-i3/global/targetHttpProxies/app-service-http-proxy",
            "terraform_labels": {},
            "timeouts": null
          },
          "sensitive_attributes": [],
          "identity_schema_version": 0,
          "private": "eyJlMmJmYjczMC1lY2FhLTExZTYtOGY4OC0zNDM2M2JjN2M0YzAiOnsiY3JlYXRlIjoxMjAwMDAwMDAwMDAwLCJkZWxldGUiOjEyMDAwMDAwMDAwMDAsInVwZGF0ZSI6MTIwMDAwMDAwMDAwMH19",
          "dependencies": [
            "google_cloud_run_service.app",
            "google_compute_backend_service.cloudrun_backend",
            "google_compute_global_address.alb_ip",
            "google_compute_region_network_endpoint_group.cloudrun_neg",
            "google_compute_target_http_proxy.alb_http_proxy",
            "google_compute_url_map.alb"
          ]
        }
      ]
    },
    {
      "mode": "managed",
      "type": "google_compute_global_forwarding_rule",
      "name": "alb_https",
      "provider": "provider[\"registry.terraform.io/hashicorp/google\"]",
      "instances": [
        {
          "schema_version": 0,
          "attributes": {
            "base_forwarding_rule": "",
            "description": "",
            "effective_labels": {},
            "id": "projects/rare-karma-480813-i3/global/forwardingRules/app-service-https-forwarding-rule",
            "ip_address": "34.117.50.159",
            "ip_protocol": "TCP",
            "ip_version": "",
            "label_fingerprint": "42WmSpB8rSM=",
            "labels": null,
            "load_balancing_scheme": "EXTERNAL_MANAGED",
            "metadata_filters": [],
            "name": "app-service-https-forwarding-rule",
            "network": "",
            "no_automate_dns_zone": null,
            "port_range": "443-443",
            "project": "rare-karma-480813-i3",
            "psc_connection_id": "",
            "psc_connection_status": "",
            "self_link": "https://www.googleapis.com/compute/v1/projects/rare-karma-480813-i3/global/forwardingRules/app-service-https-forwarding-rule",
            "service_directory_registrations": [],
            "source_ip_ranges": null,
            "subnetwork": "",
            "target": "https://www.googleapis.com/compute/v1/projects/rare-karma-480813-i3/global/targetHttpsProxies/app-service-https-proxy",
            "terraform_labels": {},
            "timeouts": null
          },
          "sensitive_attributes": [],
          "identity_schema_version": 0,
          "private": "eyJlMmJmYjczMC1lY2FhLTExZTYtOGY4OC0zNDM2M2JjN2M0YzAiOnsiY3JlYXRlIjoxMjAwMDAwMDAwMDAwLCJkZWxldGUiOjEyMDAwMDAwMDAwMDAsInVwZGF0ZSI6MTIwMDAwMDAwMDAwMH19",
          "dependencies": [
            "google_cloud_run_service.app",
            "google_compute_backend_service.cloudrun_backend",
            "google_compute_global_address.alb_ip",
            "google_compute_managed_ssl_certificate.alb_cert",
            "google_compute_region_network_endpoint_group.cloudrun_neg",
            "google_compute_target_https_proxy.alb_proxy",
            "google_compute_url_map.alb"
          ]
        }
      ]
    },
    {
      "mode": "managed",
      "type": "google_compute_managed_ssl_certificate",
      "name": "alb_cert",
      "provider": "provider[\"registry.terraform.io/hashicorp/google\"]",
      "instances": [
        {
          "schema_version": 0,
          "attributes": {
            "certificate_id": 671302562521652539,
            "creation_timestamp": "2025-12-18T07:55:00.337-08:00",
            "description": "",
            "expire_time": "",
            "id": "projects/rare-karma-480813-i3/global/sslCertificates/app-service-cert",
            "managed": [
              {
                "domains": [
                  "test.nhameo.site"
                ]
              }
            ],
            "name": "app-service-cert",
            "project": "rare-karma-480813-i3",
            "self_link": "https://www.googleapis.com/compute/v1/projects/rare-karma-480813-i3/global/sslCertificates/app-service-cert",
            "subject_alternative_names": [],
            "timeouts": null,
            "type": "MANAGED"
          },
          "sensitive_attributes": [],
          "identity_schema_version": 0,
          "private": "eyJlMmJmYjczMC1lY2FhLTExZTYtOGY4OC0zNDM2M2JjN2M0YzAiOnsiY3JlYXRlIjoxODAwMDAwMDAwMDAwLCJkZWxldGUiOjE4MDAwMDAwMDAwMDB9fQ=="
        }
      ]
    },
    {
      "mode": "managed",
      "type": "google_compute_region_network_endpoint_group",
      "name": "cloudrun_neg",
      "provider": "provider[\"registry.terraform.io/hashicorp/google\"]",
      "instances": [
        {
          "schema_version": 0,
          "attributes": {
            "app_engine": [],
            "cloud_function": [],
            "cloud_run": [
              {
                "service": "app-service",
                "tag": "",
                "url_mask": ""
              }
            ],
            "description": "",
            "id": "projects/rare-karma-480813-i3/regions/asia-southeast1/networkEndpointGroups/app-service-neg",
            "name": "app-service-neg",
            "network": "",
            "network_endpoint_type": "SERVERLESS",
            "project": "rare-karma-480813-i3",
            "psc_target_service": "",
            "region": "https://www.googleapis.com/compute/v1/projects/rare-karma-480813-i3/regions/asia-southeast1",
            "self_link": "https://www.googleapis.com/compute/v1/projects/rare-karma-480813-i3/regions/asia-southeast1/networkEndpointGroups/app-service-neg",
            "subnetwork": "",
            "timeouts": null
          },
          "sensitive_attributes": [],
          "identity_schema_version": 0,
          "private": "eyJlMmJmYjczMC1lY2FhLTExZTYtOGY4OC0zNDM2M2JjN2M0YzAiOnsiY3JlYXRlIjoxMjAwMDAwMDAwMDAwLCJkZWxldGUiOjEyMDAwMDAwMDAwMDB9fQ==",
          "dependencies": [
            "google_cloud_run_service.app"
          ]
        }
      ]
    },
    {
      "mode": "managed",
      "type": "google_compute_target_http_proxy",
      "name": "alb_http_proxy",
      "provider": "provider[\"registry.terraform.io/hashicorp/google\"]",
      "instances": [
        {
          "schema_version": 0,
          "attributes": {
            "creation_timestamp": "2025-12-18T07:56:53.564-08:00",
            "description": "",
            "http_keep_alive_timeout_sec": 0,
            "id": "projects/rare-karma-480813-i3/global/targetHttpProxies/app-service-http-proxy",
            "name": "app-service-http-proxy",
            "project": "rare-karma-480813-i3",
            "proxy_bind": false,
            "proxy_id": 7648833902490524330,
            "self_link": "https://www.googleapis.com/compute/v1/projects/rare-karma-480813-i3/global/targetHttpProxies/app-service-http-proxy",
            "timeouts": null,
            "url_map": "https://www.googleapis.com/compute/v1/projects/rare-karma-480813-i3/global/urlMaps/app-service-alb"
          },
          "sensitive_attributes": [],
          "identity_schema_version": 0,
          "private": "eyJlMmJmYjczMC1lY2FhLTExZTYtOGY4OC0zNDM2M2JjN2M0YzAiOnsiY3JlYXRlIjoxMjAwMDAwMDAwMDAwLCJkZWxldGUiOjEyMDAwMDAwMDAwMDAsInVwZGF0ZSI6MTIwMDAwMDAwMDAwMH19",
          "dependencies": [
            "google_cloud_run_service.app",
            "google_compute_backend_service.cloudrun_backend",
            "google_compute_region_network_endpoint_group.cloudrun_neg",
            "google_compute_url_map.alb"
          ]
        }
      ]
    },
    {
      "mode": "managed",
      "type": "google_compute_target_https_proxy",
      "name": "alb_proxy",
      "provider": "provider[\"registry.terraform.io/hashicorp/google\"]",
      "instances": [
        {
          "schema_version": 0,
          "attributes": {
            "certificate_manager_certificates": null,
            "certificate_map": "",
            "creation_timestamp": "2025-12-18T07:56:53.455-08:00",
            "description": "",
            "http_keep_alive_timeout_sec": 0,
            "id": "projects/rare-karma-480813-i3/global/targetHttpsProxies/app-service-https-proxy",
            "name": "app-service-https-proxy",
            "project": "rare-karma-480813-i3",
            "proxy_bind": false,
            "proxy_id": 3950519765284002474,
            "quic_override": "NONE",
            "self_link": "https://www.googleapis.com/compute/v1/projects/rare-karma-480813-i3/global/targetHttpsProxies/app-service-https-proxy",
            "server_tls_policy": "",
            "ssl_certificates": [
              "https://www.googleapis.com/compute/v1/projects/rare-karma-480813-i3/global/sslCertificates/app-service-cert"
            ],
            "ssl_policy": "",
            "timeouts": null,
            "tls_early_data": "DISABLED",
            "url_map": "https://www.googleapis.com/compute/v1/projects/rare-karma-480813-i3/global/urlMaps/app-service-alb"
          },
          "sensitive_attributes": [],
          "identity_schema_version": 0,
          "private": "eyJlMmJmYjczMC1lY2FhLTExZTYtOGY4OC0zNDM2M2JjN2M0YzAiOnsiY3JlYXRlIjoxMjAwMDAwMDAwMDAwLCJkZWxldGUiOjEyMDAwMDAwMDAwMDAsInVwZGF0ZSI6MTIwMDAwMDAwMDAwMH19",
          "dependencies": [
            "google_cloud_run_service.app",
            "google_compute_backend_service.cloudrun_backend",
            "google_compute_managed_ssl_certificate.alb_cert",
            "google_compute_region_network_endpoint_group.cloudrun_neg",
            "google_compute_url_map.alb"
          ]
        }
      ]
    },
    {
      "mode": "managed",
      "type": "google_compute_url_map",
      "name": "alb",
      "provider": "provider[\"registry.terraform.io/hashicorp/google\"]",
      "instances": [
        {
          "schema_version": 0,
          "attributes": {
            "creation_timestamp": "2025-12-18T07:56:37.804-08:00",
            "default_route_action": [],
            "default_service": "https://www.googleapis.com/compute/v1/projects/rare-karma-480813-i3/global/backendServices/app-service-backend",
            "default_url_redirect": [],
            "description": "",
            "fingerprint": "tg6sJpPY_70=",
            "header_action": [],
            "host_rule": [],
            "id": "projects/rare-karma-480813-i3/global/urlMaps/app-service-alb",
            "map_id": 996375696419429083,
            "name": "app-service-alb",
            "path_matcher": [],
            "project": "rare-karma-480813-i3",
            "self_link": "https://www.googleapis.com/compute/v1/projects/rare-karma-480813-i3/global/urlMaps/app-service-alb",
            "test": [],
            "timeouts": null
          },
          "sensitive_attributes": [],
          "identity_schema_version": 0,
          "private": "eyJlMmJmYjczMC1lY2FhLTExZTYtOGY4OC0zNDM2M2JjN2M0YzAiOnsiY3JlYXRlIjoxMjAwMDAwMDAwMDAwLCJkZWxldGUiOjEyMDAwMDAwMDAwMDAsInVwZGF0ZSI6MTIwMDAwMDAwMDAwMH19",
          "dependencies": [
            "google_cloud_run_service.app",
            "google_compute_backend_service.cloudrun_backend",
            "google_compute_region_network_endpoint_group.cloudrun_neg"
          ]
        }
      ]
    },
    {
      "mode": "managed",
      "type": "google_monitoring_alert_policy",
      "name": "high_latency_alert",
      "provider": "provider[\"registry.terraform.io/hashicorp/google\"]",
      "instances": [
        {
          "schema_version": 0,
          "attributes": {
            "alert_strategy": [
              {
                "auto_close": "1800s",
                "notification_channel_strategy": [],
                "notification_rate_limit": []
              }
            ],
            "combiner": "OR",
            "conditions": [
              {
                "condition_absent": [],
                "condition_matched_log": [],
                "condition_monitoring_query_language": [],
                "condition_prometheus_query_language": [],
                "condition_threshold": [
                  {
                    "aggregations": [
                      {
                        "alignment_period": "60s",
                        "cross_series_reducer": "REDUCE_PERCENTILE_95",
                        "group_by_fields": [
                          "resource.url_map_name"
                        ],
                        "per_series_aligner": "ALIGN_DELTA"
                      }
                    ],
                    "comparison": "COMPARISON_GT",
                    "denominator_aggregations": [],
                    "denominator_filter": "",
                    "duration": "60s",
                    "evaluation_missing_data": "",
                    "filter": "resource.type=\"https_lb_rule\" AND resource.labels.url_map_name=\"app-service-alb\" AND metric.type=\"loadbalancing.googleapis.com/https/backend_latencies\"",
                    "forecast_options": [],
                    "threshold_value": 3000,
                    "trigger": []
                  }
                ],
                "display_name": "2% of requests have latency \u003e 3s",
                "name": "projects/rare-karma-480813-i3/alertPolicies/6996216351467834833/conditions/6996216351467834812"
              }
            ],
            "creation_record": [
              {
                "mutate_time": "2025-12-18T15:56:53.252184047Z",
                "mutated_by": "baonguyen.aws@gmail.com"
              }
            ],
            "display_name": "High Latency Alert - ALB to Cloud Run",
            "documentation": [
              {
                "content": "Alert triggered when 2% of requests from ALB to Cloud Run have latency greater than 3 seconds in a 1-minute window.",
                "links": [],
                "mime_type": "text/markdown",
                "subject": ""
              }
            ],
            "enabled": true,
            "id": "projects/rare-karma-480813-i3/alertPolicies/6996216351467834833",
            "name": "projects/rare-karma-480813-i3/alertPolicies/6996216351467834833",
            "notification_channels": [
              "projects/rare-karma-480813-i3/notificationChannels/216920696971736075"
            ],
            "project": "rare-karma-480813-i3",
            "severity": "",
            "timeouts": null,
            "user_labels": null
          },
          "sensitive_attributes": [],
          "identity_schema_version": 0,
          "private": "eyJlMmJmYjczMC1lY2FhLTExZTYtOGY4OC0zNDM2M2JjN2M0YzAiOnsiY3JlYXRlIjoxMjAwMDAwMDAwMDAwLCJkZWxldGUiOjEyMDAwMDAwMDAwMDAsInVwZGF0ZSI6MTIwMDAwMDAwMDAwMH19",
          "dependencies": [
            "google_cloud_run_service.app",
            "google_compute_backend_service.cloudrun_backend",
            "google_compute_region_network_endpoint_group.cloudrun_neg",
            "google_compute_url_map.alb",
            "google_monitoring_notification_channel.email"
          ]
        }
      ]
    },
    {
      "mode": "managed",
      "type": "google_monitoring_notification_channel",
      "name": "email",
      "provider": "provider[\"registry.terraform.io/hashicorp/google\"]",
      "instances": [
        {
          "schema_version": 0,
          "attributes": {
            "description": "",
            "display_name": "Email Notification Channel",
            "enabled": true,
            "force_delete": false,
            "id": "projects/rare-karma-480813-i3/notificationChannels/216920696971736075",
            "labels": {
              "email_address": "baonguyen.aws@gmail.com"
            },
            "name": "projects/rare-karma-480813-i3/notificationChannels/216920696971736075",
            "project": "rare-karma-480813-i3",
            "sensitive_labels": [],
            "timeouts": null,
            "type": "email",
            "user_labels": null,
            "verification_status": ""
          },
          "sensitive_attributes": [],
          "identity_schema_version": 0,
          "private": "eyJlMmJmYjczMC1lY2FhLTExZTYtOGY4OC0zNDM2M2JjN2M0YzAiOnsiY3JlYXRlIjoxMjAwMDAwMDAwMDAwLCJkZWxldGUiOjEyMDAwMDAwMDAwMDAsInVwZGF0ZSI6MTIwMDAwMDAwMDAwMH19"
        }
      ]
    }
  ],
  "check_results": null
}
